// !$*UTF8*$!
{
	archiveVersion = 1;
	classes = {
	};
	objectVersion = 55;
	objects = {

/* Begin PBXBuildFile section */
		523E74492724BEDC0049FE93 /* Calculator.swift in Sources */ = {isa = PBXBuildFile; fileRef = 523E74482724BEDC0049FE93 /* Calculator.swift */; };
		523E744B2724BF4B0049FE93 /* BMI.swift in Sources */ = {isa = PBXBuildFile; fileRef = 523E744A2724BF4B0049FE93 /* BMI.swift */; };
		52D371A627226230005D75BB /* AppDelegate.swift in Sources */ = {isa = PBXBuildFile; fileRef = 52D371A527226230005D75BB /* AppDelegate.swift */; };
		52D371A827226230005D75BB /* SceneDelegate.swift in Sources */ = {isa = PBXBuildFile; fileRef = 52D371A727226230005D75BB /* SceneDelegate.swift */; };
		52D371AA27226230005D75BB /* CalculateViewController.swift in Sources */ = {isa = PBXBuildFile; fileRef = 52D371A927226230005D75BB /* CalculateViewController.swift */; };
		52D371AD27226230005D75BB /* Main.storyboard in Resources */ = {isa = PBXBuildFile; fileRef = 52D371AB27226230005D75BB /* Main.storyboard */; };
		52D371AF27226235005D75BB /* Assets.xcassets in Resources */ = {isa = PBXBuildFile; fileRef = 52D371AE27226235005D75BB /* Assets.xcassets */; };
		52D371B227226235005D75BB /* LaunchScreen.storyboard in Resources */ = {isa = PBXBuildFile; fileRef = 52D371B027226235005D75BB /* LaunchScreen.storyboard */; };
		52D371BD27226236005D75BB /* SabreurAssessmentTests.swift in Sources */ = {isa = PBXBuildFile; fileRef = 52D371BC27226236005D75BB /* SabreurAssessmentTests.swift */; };
		52D371C727226236005D75BB /* SabreurAssessmentUITests.swift in Sources */ = {isa = PBXBuildFile; fileRef = 52D371C627226236005D75BB /* SabreurAssessmentUITests.swift */; };
		52D371C927226236005D75BB /* SabreurAssessmentUITestsLaunchTests.swift in Sources */ = {isa = PBXBuildFile; fileRef = 52D371C827226236005D75BB /* SabreurAssessmentUITestsLaunchTests.swift */; };
		52D371D9272288E5005D75BB /* ResultViewController.swift in Sources */ = {isa = PBXBuildFile; fileRef = 52D371D8272288E5005D75BB /* ResultViewController.swift */; };
/* End PBXBuildFile section */

/* Begin PBXContainerItemProxy section */
		52D371B927226236005D75BB /* PBXContainerItemProxy */ = {
			isa = PBXContainerItemProxy;
			containerPortal = 52D3719A27226230005D75BB /* Project object */;
			proxyType = 1;
			remoteGlobalIDString = 52D371A127226230005D75BB;
			remoteInfo = SabreurAssessment;
		};
		52D371C327226236005D75BB /* PBXContainerItemProxy */ = {
			isa = PBXContainerItemProxy;
			containerPortal = 52D3719A27226230005D75BB /* Project object */;
			proxyType = 1;
			remoteGlobalIDString = 52D371A127226230005D75BB;
			remoteInfo = SabreurAssessment;
		};
/* End PBXContainerItemProxy section */

/* Begin PBXFileReference section */
		523E74482724BEDC0049FE93 /* Calculator.swift */ = {isa = PBXFileReference; lastKnownFileType = sourcecode.swift; path = Calculator.swift; sourceTree = "<group>"; };
		523E744A2724BF4B0049FE93 /* BMI.swift */ = {isa = PBXFileReference; lastKnownFileType = sourcecode.swift; path = BMI.swift; sourceTree = "<group>"; };
		52D371A227226230005D75BB /* SabreurAssessment.app */ = {isa = PBXFileReference; explicitFileType = wrapper.application; includeInIndex = 0; path = SabreurAssessment.app; sourceTree = BUILT_PRODUCTS_DIR; };
		52D371A527226230005D75BB /* AppDelegate.swift */ = {isa = PBXFileReference; lastKnownFileType = sourcecode.swift; path = AppDelegate.swift; sourceTree = "<group>"; };
		52D371A727226230005D75BB /* SceneDelegate.swift */ = {isa = PBXFileReference; lastKnownFileType = sourcecode.swift; path = SceneDelegate.swift; sourceTree = "<group>"; };
		52D371A927226230005D75BB /* CalculateViewController.swift */ = {isa = PBXFileReference; lastKnownFileType = sourcecode.swift; path = CalculateViewController.swift; sourceTree = "<group>"; };
		52D371AC27226230005D75BB /* Base */ = {isa = PBXFileReference; lastKnownFileType = file.storyboard; name = Base; path = Base.lproj/Main.storyboard; sourceTree = "<group>"; };
		52D371AE27226235005D75BB /* Assets.xcassets */ = {isa = PBXFileReference; lastKnownFileType = folder.assetcatalog; path = Assets.xcassets; sourceTree = "<group>"; };
		52D371B127226235005D75BB /* Base */ = {isa = PBXFileReference; lastKnownFileType = file.storyboard; name = Base; path = Base.lproj/LaunchScreen.storyboard; sourceTree = "<group>"; };
		52D371B327226235005D75BB /* Info.plist */ = {isa = PBXFileReference; lastKnownFileType = text.plist.xml; path = Info.plist; sourceTree = "<group>"; };
		52D371B827226236005D75BB /* SabreurAssessmentTests.xctest */ = {isa = PBXFileReference; explicitFileType = wrapper.cfbundle; includeInIndex = 0; path = SabreurAssessmentTests.xctest; sourceTree = BUILT_PRODUCTS_DIR; };
		52D371BC27226236005D75BB /* SabreurAssessmentTests.swift */ = {isa = PBXFileReference; lastKnownFileType = sourcecode.swift; path = SabreurAssessmentTests.swift; sourceTree = "<group>"; };
		52D371C227226236005D75BB /* SabreurAssessmentUITests.xctest */ = {isa = PBXFileReference; explicitFileType = wrapper.cfbundle; includeInIndex = 0; path = SabreurAssessmentUITests.xctest; sourceTree = BUILT_PRODUCTS_DIR; };
		52D371C627226236005D75BB /* SabreurAssessmentUITests.swift */ = {isa = PBXFileReference; lastKnownFileType = sourcecode.swift; path = SabreurAssessmentUITests.swift; sourceTree = "<group>"; };
		52D371C827226236005D75BB /* SabreurAssessmentUITestsLaunchTests.swift */ = {isa = PBXFileReference; lastKnownFileType = sourcecode.swift; path = SabreurAssessmentUITestsLaunchTests.swift; sourceTree = "<group>"; };
		52D371D8272288E5005D75BB /* ResultViewController.swift */ = {isa = PBXFileReference; explicitFileType = sourcecode.swift; path = ResultViewController.swift; sourceTree = "<group>"; };
/* End PBXFileReference section */

/* Begin PBXFrameworksBuildPhase section */
		52D3719F27226230005D75BB /* Frameworks */ = {
			isa = PBXFrameworksBuildPhase;
			buildActionMask = 2147483647;
			files = (
			);
			runOnlyForDeploymentPostprocessing = 0;
		};
		52D371B527226236005D75BB /* Frameworks */ = {
			isa = PBXFrameworksBuildPhase;
			buildActionMask = 2147483647;
			files = (
			);
			runOnlyForDeploymentPostprocessing = 0;
		};
		52D371BF27226236005D75BB /* Frameworks */ = {
			isa = PBXFrameworksBuildPhase;
			buildActionMask = 2147483647;
			files = (
			);
			runOnlyForDeploymentPostprocessing = 0;
		};
/* End PBXFrameworksBuildPhase section */

/* Begin PBXGroup section */
		52D3719927226230005D75BB = {
			isa = PBXGroup;
			children = (
				52D371A427226230005D75BB /* SabreurAssessment */,
				52D371BB27226236005D75BB /* SabreurAssessmentTests */,
				52D371C527226236005D75BB /* SabreurAssessmentUITests */,
				52D371A327226230005D75BB /* Products */,
			);
			sourceTree = "<group>";
		};
		52D371A327226230005D75BB /* Products */ = {
			isa = PBXGroup;
			children = (
				52D371A227226230005D75BB /* SabreurAssessment.app */,
				52D371B827226236005D75BB /* SabreurAssessmentTests.xctest */,
				52D371C227226236005D75BB /* SabreurAssessmentUITests.xctest */,
			);
			name = Products;
			sourceTree = "<group>";
		};
		52D371A427226230005D75BB /* SabreurAssessment */ = {
			isa = PBXGroup;
			children = (
				52D371A527226230005D75BB /* AppDelegate.swift */,
				52D371A727226230005D75BB /* SceneDelegate.swift */,
				52D371D727228762005D75BB /* Models */,
				52D371D62722874A005D75BB /* Views */,
				52D371D527228703005D75BB /* Controllers */,
				52D371AE27226235005D75BB /* Assets.xcassets */,
				52D371B327226235005D75BB /* Info.plist */,
			);
			path = SabreurAssessment;
			sourceTree = "<group>";
		};
		52D371BB27226236005D75BB /* SabreurAssessmentTests */ = {
			isa = PBXGroup;
			children = (
				52D371BC27226236005D75BB /* SabreurAssessmentTests.swift */,
			);
			path = SabreurAssessmentTests;
			sourceTree = "<group>";
		};
		52D371C527226236005D75BB /* SabreurAssessmentUITests */ = {
			isa = PBXGroup;
			children = (
				52D371C627226236005D75BB /* SabreurAssessmentUITests.swift */,
				52D371C827226236005D75BB /* SabreurAssessmentUITestsLaunchTests.swift */,
			);
			path = SabreurAssessmentUITests;
			sourceTree = "<group>";
		};
		52D371D527228703005D75BB /* Controllers */ = {
			isa = PBXGroup;
			children = (
				52D371A927226230005D75BB /* CalculateViewController.swift */,
				52D371D8272288E5005D75BB /* ResultViewController.swift */,
			);
			path = Controllers;
			sourceTree = "<group>";
		};
		52D371D62722874A005D75BB /* Views */ = {
			isa = PBXGroup;
			children = (
				52D371B027226235005D75BB /* LaunchScreen.storyboard */,
				52D371AB27226230005D75BB /* Main.storyboard */,
			);
			path = Views;
			sourceTree = "<group>";
		};
		52D371D727228762005D75BB /* Models */ = {
			isa = PBXGroup;
			children = (
				523E74482724BEDC0049FE93 /* Calculator.swift */,
				523E744A2724BF4B0049FE93 /* BMI.swift */,
			);
			path = Models;
			sourceTree = "<group>";
		};
/* End PBXGroup section */

/* Begin PBXNativeTarget section */
		52D371A127226230005D75BB /* SabreurAssessment */ = {
			isa = PBXNativeTarget;
			buildConfigurationList = 52D371CC27226236005D75BB /* Build configuration list for PBXNativeTarget "SabreurAssessment" */;
			buildPhases = (
				52D3719E27226230005D75BB /* Sources */,
				52D3719F27226230005D75BB /* Frameworks */,
				52D371A027226230005D75BB /* Resources */,
			);
			buildRules = (
			);
			dependencies = (
			);
			name = SabreurAssessment;
			productName = SabreurAssessment;
			productReference = 52D371A227226230005D75BB /* SabreurAssessment.app */;
			productType = "com.apple.product-type.application";
		};
		52D371B727226236005D75BB /* SabreurAssessmentTests */ = {
			isa = PBXNativeTarget;
			buildConfigurationList = 52D371CF27226236005D75BB /* Build configuration list for PBXNativeTarget "SabreurAssessmentTests" */;
			buildPhases = (
				52D371B427226236005D75BB /* Sources */,
				52D371B527226236005D75BB /* Frameworks */,
				52D371B627226236005D75BB /* Resources */,
			);
			buildRules = (
			);
			dependencies = (
				52D371BA27226236005D75BB /* PBXTargetDependency */,
			);
			name = SabreurAssessmentTests;
			productName = SabreurAssessmentTests;
			productReference = 52D371B827226236005D75BB /* SabreurAssessmentTests.xctest */;
			productType = "com.apple.product-type.bundle.unit-test";
		};
		52D371C127226236005D75BB /* SabreurAssessmentUITests */ = {
			isa = PBXNativeTarget;
			buildConfigurationList = 52D371D227226236005D75BB /* Build configuration list for PBXNativeTarget "SabreurAssessmentUITests" */;
			buildPhases = (
				52D371BE27226236005D75BB /* Sources */,
				52D371BF27226236005D75BB /* Frameworks */,
				52D371C027226236005D75BB /* Resources */,
			);
			buildRules = (
			);
			dependencies = (
				52D371C427226236005D75BB /* PBXTargetDependency */,
			);
			name = SabreurAssessmentUITests;
			productName = SabreurAssessmentUITests;
			productReference = 52D371C227226236005D75BB /* SabreurAssessmentUITests.xctest */;
			productType = "com.apple.product-type.bundle.ui-testing";
		};
/* End PBXNativeTarget section */

/* Begin PBXProject section */
		52D3719A27226230005D75BB /* Project object */ = {
			isa = PBXProject;
			attributes = {
				BuildIndependentTargetsInParallel = 1;
				LastSwiftUpdateCheck = 1300;
				LastUpgradeCheck = 1300;
				TargetAttributes = {
					52D371A127226230005D75BB = {
						CreatedOnToolsVersion = 13.0;
					};
					52D371B727226236005D75BB = {
						CreatedOnToolsVersion = 13.0;
						TestTargetID = 52D371A127226230005D75BB;
					};
					52D371C127226236005D75BB = {
						CreatedOnToolsVersion = 13.0;
						TestTargetID = 52D371A127226230005D75BB;
					};
				};
			};
			buildConfigurationList = 52D3719D27226230005D75BB /* Build configuration list for PBXProject "SabreurAssessment" */;
			compatibilityVersion = "Xcode 13.0";
			developmentRegion = en;
			hasScannedForEncodings = 0;
			knownRegions = (
				en,
				Base,
			);
			mainGroup = 52D3719927226230005D75BB;
			productRefGroup = 52D371A327226230005D75BB /* Products */;
			projectDirPath = "";
			projectRoot = "";
			targets = (
				52D371A127226230005D75BB /* SabreurAssessment */,
				52D371B727226236005D75BB /* SabreurAssessmentTests */,
				52D371C127226236005D75BB /* SabreurAssessmentUITests */,
			);
		};
/* End PBXProject section */

/* Begin PBXResourcesBuildPhase section */
		52D371A027226230005D75BB /* Resources */ = {
			isa = PBXResourcesBuildPhase;
			buildActionMask = 2147483647;
			files = (
				52D371B227226235005D75BB /* LaunchScreen.storyboard in Resources */,
				52D371AF27226235005D75BB /* Assets.xcassets in Resources */,
				52D371AD27226230005D75BB /* Main.storyboard in Resources */,
			);
			runOnlyForDeploymentPostprocessing = 0;
		};
		52D371B627226236005D75BB /* Resources */ = {
			isa = PBXResourcesBuildPhase;
			buildActionMask = 2147483647;
			files = (
			);
			runOnlyForDeploymentPostprocessing = 0;
		};
		52D371C027226236005D75BB /* Resources */ = {
			isa = PBXResourcesBuildPhase;
			buildActionMask = 2147483647;
			files = (
			);
			runOnlyForDeploymentPostprocessing = 0;
		};
/* End PBXResourcesBuildPhase section */

/* Begin PBXSourcesBuildPhase section */
		52D3719E27226230005D75BB /* Sources */ = {
			isa = PBXSourcesBuildPhase;
			buildActionMask = 2147483647;
			files = (
				52D371AA27226230005D75BB /* CalculateViewController.swift in Sources */,
				52D371A627226230005D75BB /* AppDelegate.swift in Sources */,
				52D371A827226230005D75BB /* SceneDelegate.swift in Sources */,
				523E74492724BEDC0049FE93 /* Calculator.swift in Sources */,
				523E744B2724BF4B0049FE93 /* BMI.swift in Sources */,
				52D371D9272288E5005D75BB /* ResultViewController.swift in Sources */,
			);
			runOnlyForDeploymentPostprocessing = 0;
		};
		52D371B427226236005D75BB /* Sources */ = {
			isa = PBXSourcesBuildPhase;
			buildActionMask = 2147483647;
			files = (
				52D371BD27226236005D75BB /* SabreurAssessmentTests.swift in Sources */,
			);
			runOnlyForDeploymentPostprocessing = 0;
		};
		52D371BE27226236005D75BB /* Sources */ = {
			isa = PBXSourcesBuildPhase;
			buildActionMask = 2147483647;
			files = (
				52D371C727226236005D75BB /* SabreurAssessmentUITests.swift in Sources */,
				52D371C927226236005D75BB /* SabreurAssessmentUITestsLaunchTests.swift in Sources */,
			);
			runOnlyForDeploymentPostprocessing = 0;
		};
/* End PBXSourcesBuildPhase section */

/* Begin PBXTargetDependency section */
		52D371BA27226236005D75BB /* PBXTargetDependency */ = {
			isa = PBXTargetDependency;
			target = 52D371A127226230005D75BB /* SabreurAssessment */;
			targetProxy = 52D371B927226236005D75BB /* PBXContainerItemProxy */;
		};
		52D371C427226236005D75BB /* PBXTargetDependency */ = {
			isa = PBXTargetDependency;
			target = 52D371A127226230005D75BB /* SabreurAssessment */;
			targetProxy = 52D371C327226236005D75BB /* PBXContainerItemProxy */;
		};
/* End PBXTargetDependency section */

/* Begin PBXVariantGroup section */
		52D371AB27226230005D75BB /* Main.storyboard */ = {
			isa = PBXVariantGroup;
			children = (
				52D371AC27226230005D75BB /* Base */,
			);
			name = Main.storyboard;
			sourceTree = "<group>";
		};
		52D371B027226235005D75BB /* LaunchScreen.storyboard */ = {
			isa = PBXVariantGroup;
			children = (
				52D371B127226235005D75BB /* Base */,
			);
			name = LaunchScreen.storyboard;
			sourceTree = "<group>";
		};
/* End PBXVariantGroup section */

/* Begin XCBuildConfiguration section */
		52D371CA27226236005D75BB /* Debug */ = {
			isa = XCBuildConfiguration;
			buildSettings = {
				ALWAYS_SEARCH_USER_PATHS = NO;
				CLANG_ANALYZER_NONNULL = YES;
				CLANG_ANALYZER_NUMBER_OBJECT_CONVERSION = YES_AGGRESSIVE;
				CLANG_CXX_LANGUAGE_STANDARD = "gnu++17";
				CLANG_CXX_LIBRARY = "libc++";
				CLANG_ENABLE_MODULES = YES;
				CLANG_ENABLE_OBJC_ARC = YES;
				CLANG_ENABLE_OBJC_WEAK = YES;
				CLANG_WARN_BLOCK_CAPTURE_AUTORELEASING = YES;
				CLANG_WARN_BOOL_CONVERSION = YES;
				CLANG_WARN_COMMA = YES;
				CLANG_WARN_CONSTANT_CONVERSION = YES;
				CLANG_WARN_DEPRECATED_OBJC_IMPLEMENTATIONS = YES;
				CLANG_WARN_DIRECT_OBJC_ISA_USAGE = YES_ERROR;
				CLANG_WARN_DOCUMENTATION_COMMENTS = YES;
				CLANG_WARN_EMPTY_BODY = YES;
				CLANG_WARN_ENUM_CONVERSION = YES;
				CLANG_WARN_INFINITE_RECURSION = YES;
				CLANG_WARN_INT_CONVERSION = YES;
				CLANG_WARN_NON_LITERAL_NULL_CONVERSION = YES;
				CLANG_WARN_OBJC_IMPLICIT_RETAIN_SELF = YES;
				CLANG_WARN_OBJC_LITERAL_CONVERSION = YES;
				CLANG_WARN_OBJC_ROOT_CLASS = YES_ERROR;
				CLANG_WARN_QUOTED_INCLUDE_IN_FRAMEWORK_HEADER = YES;
				CLANG_WARN_RANGE_LOOP_ANALYSIS = YES;
				CLANG_WARN_STRICT_PROTOTYPES = YES;
				CLANG_WARN_SUSPICIOUS_MOVE = YES;
				CLANG_WARN_UNGUARDED_AVAILABILITY = YES_AGGRESSIVE;
				CLANG_WARN_UNREACHABLE_CODE = YES;
				CLANG_WARN__DUPLICATE_METHOD_MATCH = YES;
				COPY_PHASE_STRIP = NO;
				DEBUG_INFORMATION_FORMAT = dwarf;
				ENABLE_STRICT_OBJC_MSGSEND = YES;
				ENABLE_TESTABILITY = YES;
				GCC_C_LANGUAGE_STANDARD = gnu11;
				GCC_DYNAMIC_NO_PIC = NO;
				GCC_NO_COMMON_BLOCKS = YES;
				GCC_OPTIMIZATION_LEVEL = 0;
				GCC_PREPROCESSOR_DEFINITIONS = (
					"DEBUG=1",
					"$(inherited)",
				);
				GCC_WARN_64_TO_32_BIT_CONVERSION = YES;
				GCC_WARN_ABOUT_RETURN_TYPE = YES_ERROR;
				GCC_WARN_UNDECLARED_SELECTOR = YES;
				GCC_WARN_UNINITIALIZED_AUTOS = YES_AGGRESSIVE;
				GCC_WARN_UNUSED_FUNCTION = YES;
				GCC_WARN_UNUSED_VARIABLE = YES;
				IPHONEOS_DEPLOYMENT_TARGET = 15.0;
				MTL_ENABLE_DEBUG_INFO = INCLUDE_SOURCE;
				MTL_FAST_MATH = YES;
				ONLY_ACTIVE_ARCH = YES;
				SDKROOT = iphoneos;
				SWIFT_ACTIVE_COMPILATION_CONDITIONS = DEBUG;
				SWIFT_OPTIMIZATION_LEVEL = "-Onone";
			};
			name = Debug;
		};
		52D371CB27226236005D75BB /* Release */ = {
			isa = XCBuildConfiguration;
			buildSettings = {
				ALWAYS_SEARCH_USER_PATHS = NO;
				CLANG_ANALYZER_NONNULL = YES;
				CLANG_ANALYZER_NUMBER_OBJECT_CONVERSION = YES_AGGRESSIVE;
				CLANG_CXX_LANGUAGE_STANDARD = "gnu++17";
				CLANG_CXX_LIBRARY = "libc++";
				CLANG_ENABLE_MODULES = YES;
				CLANG_ENABLE_OBJC_ARC = YES;
				CLANG_ENABLE_OBJC_WEAK = YES;
				CLANG_WARN_BLOCK_CAPTURE_AUTORELEASING = YES;
				CLANG_WARN_BOOL_CONVERSION = YES;
				CLANG_WARN_COMMA = YES;
				CLANG_WARN_CONSTANT_CONVERSION = YES;
				CLANG_WARN_DEPRECATED_OBJC_IMPLEMENTATIONS = YES;
				CLANG_WARN_DIRECT_OBJC_ISA_USAGE = YES_ERROR;
				CLANG_WARN_DOCUMENTATION_COMMENTS = YES;
				CLANG_WARN_EMPTY_BODY = YES;
				CLANG_WARN_ENUM_CONVERSION = YES;
				CLANG_WARN_INFINITE_RECURSION = YES;
				CLANG_WARN_INT_CONVERSION = YES;
				CLANG_WARN_NON_LITERAL_NULL_CONVERSION = YES;
				CLANG_WARN_OBJC_IMPLICIT_RETAIN_SELF = YES;
				CLANG_WARN_OBJC_LITERAL_CONVERSION = YES;
				CLANG_WARN_OBJC_ROOT_CLASS = YES_ERROR;
				CLANG_WARN_QUOTED_INCLUDE_IN_FRAMEWORK_HEADER = YES;
				CLANG_WARN_RANGE_LOOP_ANALYSIS = YES;
				CLANG_WARN_STRICT_PROTOTYPES = YES;
				CLANG_WARN_SUSPICIOUS_MOVE = YES;
				CLANG_WARN_UNGUARDED_AVAILABILITY = YES_AGGRESSIVE;
				CLANG_WARN_UNREACHABLE_CODE = YES;
				CLANG_WARN__DUPLICATE_METHOD_MATCH = YES;
				COPY_PHASE_STRIP = NO;
				DEBUG_INFORMATION_FORMAT = "dwarf-with-dsym";
				ENABLE_NS_ASSERTIONS = NO;
				ENABLE_STRICT_OBJC_MSGSEND = YES;
				GCC_C_LANGUAGE_STANDARD = gnu11;
				GCC_NO_COMMON_BLOCKS = YES;
				GCC_WARN_64_TO_32_BIT_CONVERSION = YES;
				GCC_WARN_ABOUT_RETURN_TYPE = YES_ERROR;
				GCC_WARN_UNDECLARED_SELECTOR = YES;
				GCC_WARN_UNINITIALIZED_AUTOS = YES_AGGRESSIVE;
				GCC_WARN_UNUSED_FUNCTION = YES;
				GCC_WARN_UNUSED_VARIABLE = YES;
				IPHONEOS_DEPLOYMENT_TARGET = 15.0;
				MTL_ENABLE_DEBUG_INFO = NO;
				MTL_FAST_MATH = YES;
				SDKROOT = iphoneos;
				SWIFT_COMPILATION_MODE = wholemodule;
				SWIFT_OPTIMIZATION_LEVEL = "-O";
				VALIDATE_PRODUCT = YES;
			};
			name = Release;
		};
		52D371CD27226236005D75BB /* Debug */ = {
			isa = XCBuildConfiguration;
			buildSettings = {
				ASSETCATALOG_COMPILER_APPICON_NAME = AppIcon;
				ASSETCATALOG_COMPILER_GLOBAL_ACCENT_COLOR_NAME = AccentColor;
				CODE_SIGN_STYLE = Automatic;
				CURRENT_PROJECT_VERSION = 1;
				DEVELOPMENT_TEAM = 8V2AVLRM9X;
				GENERATE_INFOPLIST_FILE = YES;
				INFOPLIST_FILE = SabreurAssessment/Info.plist;
				INFOPLIST_KEY_UIApplicationSupportsIndirectInputEvents = YES;
				INFOPLIST_KEY_UILaunchStoryboardName = LaunchScreen;
				INFOPLIST_KEY_UIMainStoryboardFile = Main;
				INFOPLIST_KEY_UISupportedInterfaceOrientations = "UIInterfaceOrientationPortrait UIInterfaceOrientationPortraitUpsideDown UIInterfaceOrientationLandscapeLeft UIInterfaceOrientationLandscapeRight";
				INFOPLIST_KEY_UISupportedInterfaceOrientations_iPad = "UIInterfaceOrientationPortrait UIInterfaceOrientationPortraitUpsideDown UIInterfaceOrientationLandscapeLeft UIInterfaceOrientationLandscapeRight";
				INFOPLIST_KEY_UISupportedInterfaceOrientations_iPhone = "UIInterfaceOrientationPortrait UIInterfaceOrientationLandscapeLeft UIInterfaceOrientationLandscapeRight";
				LD_RUNPATH_SEARCH_PATHS = (
					"$(inherited)",
					"@executable_path/Frameworks",
				);
				MARKETING_VERSION = 0.1;
				PRODUCT_BUNDLE_IDENTIFIER = com.sydneysabre.SabreurAssessment;
				PRODUCT_NAME = "$(TARGET_NAME)";
				SWIFT_EMIT_LOC_STRINGS = YES;
				SWIFT_VERSION = 5.0;
				TARGETED_DEVICE_FAMILY = "1,2";
			};
			name = Debug;
		};
		52D371CE27226236005D75BB /* Release */ = {
			isa = XCBuildConfiguration;
			buildSettings = {
				ASSETCATALOG_COMPILER_APPICON_NAME = AppIcon;
				ASSETCATALOG_COMPILER_GLOBAL_ACCENT_COLOR_NAME = AccentColor;
				CODE_SIGN_STYLE = Automatic;
				CURRENT_PROJECT_VERSION = 1;
				DEVELOPMENT_TEAM = 8V2AVLRM9X;
				GENERATE_INFOPLIST_FILE = YES;
				INFOPLIST_FILE = SabreurAssessment/Info.plist;
				INFOPLIST_KEY_UIApplicationSupportsIndirectInputEvents = YES;
				INFOPLIST_KEY_UILaunchStoryboardName = LaunchScreen;
				INFOPLIST_KEY_UIMainStoryboardFile = Main;
				INFOPLIST_KEY_UISupportedInterfaceOrientations = "UIInterfaceOrientationPortrait UIInterfaceOrientationPortraitUpsideDown UIInterfaceOrientationLandscapeLeft UIInterfaceOrientationLandscapeRight";
				INFOPLIST_KEY_UISupportedInterfaceOrientations_iPad = "UIInterfaceOrientationPortrait UIInterfaceOrientationPortraitUpsideDown UIInterfaceOrientationLandscapeLeft UIInterfaceOrientationLandscapeRight";
				INFOPLIST_KEY_UISupportedInterfaceOrientations_iPhone = "UIInterfaceOrientationPortrait UIInterfaceOrientationLandscapeLeft UIInterfaceOrientationLandscapeRight";
				LD_RUNPATH_SEARCH_PATHS = (
					"$(inherited)",
					"@executable_path/Frameworks",
				);
				MARKETING_VERSION = 0.1;
				PRODUCT_BUNDLE_IDENTIFIER = com.sydneysabre.SabreurAssessment;
				PRODUCT_NAME = "$(TARGET_NAME)";
				SWIFT_EMIT_LOC_STRINGS = YES;
				SWIFT_VERSION = 5.0;
				TARGETED_DEVICE_FAMILY = "1,2";
			};
			name = Release;
		};
		52D371D027226236005D75BB /* Debug */ = {
			isa = XCBuildConfiguration;
			buildSettings = {
				ALWAYS_EMBED_SWIFT_STANDARD_LIBRARIES = YES;
				BUNDLE_LOADER = "$(TEST_HOST)";
				CODE_SIGN_STYLE = Automatic;
				CURRENT_PROJECT_VERSION = 1;
				DEVELOPMENT_TEAM = 8V2AVLRM9X;
				GENERATE_INFOPLIST_FILE = YES;
				IPHONEOS_DEPLOYMENT_TARGET = 15.0;
				LD_RUNPATH_SEARCH_PATHS = (
					"$(inherited)",
					"@executable_path/Frameworks",
					"@loader_path/Frameworks",
				);
				MARKETING_VERSION = 1.0;
				PRODUCT_BUNDLE_IDENTIFIER = com.sydneysabre.SabreurAssessmentTests;
				PRODUCT_NAME = "$(TARGET_NAME)";
				SWIFT_EMIT_LOC_STRINGS = NO;
				SWIFT_VERSION = 5.0;
				TARGETED_DEVICE_FAMILY = "1,2";
				TEST_HOST = "$(BUILT_PRODUCTS_DIR)/SabreurAssessment.app/SabreurAssessment";
			};
			name = Debug;
		};
		52D371D127226236005D75BB /* Release */ = {
			isa = XCBuildConfiguration;
			buildSettings = {
				ALWAYS_EMBED_SWIFT_STANDARD_LIBRARIES = YES;
				BUNDLE_LOADER = "$(TEST_HOST)";
				CODE_SIGN_STYLE = Automatic;
				CURRENT_PROJECT_VERSION = 1;
				DEVELOPMENT_TEAM = 8V2AVLRM9X;
				GENERATE_INFOPLIST_FILE = YES;
				IPHONEOS_DEPLOYMENT_TARGET = 15.0;
				LD_RUNPATH_SEARCH_PATHS = (
					"$(inherited)",
					"@executable_path/Frameworks",
					"@loader_path/Frameworks",
				);
				MARKETING_VERSION = 1.0;
				PRODUCT_BUNDLE_IDENTIFIER = com.sydneysabre.SabreurAssessmentTests;
				PRODUCT_NAME = "$(TARGET_NAME)";
				SWIFT_EMIT_LOC_STRINGS = NO;
				SWIFT_VERSION = 5.0;
				TARGETED_DEVICE_FAMILY = "1,2";
				TEST_HOST = "$(BUILT_PRODUCTS_DIR)/SabreurAssessment.app/SabreurAssessment";
			};
			name = Release;
		};
		52D371D327226236005D75BB /* Debug */ = {
			isa = XCBuildConfiguration;
			buildSettings = {
				ALWAYS_EMBED_SWIFT_STANDARD_LIBRARIES = YES;
				CODE_SIGN_STYLE = Automatic;
				CURRENT_PROJECT_VERSION = 1;
				DEVELOPMENT_TEAM = 8V2AVLRM9X;
				GENERATE_INFOPLIST_FILE = YES;
				LD_RUNPATH_SEARCH_PATHS = (
					"$(inherited)",
					"@executable_path/Frameworks",
					"@loader_path/Frameworks",
				);
				MARKETING_VERSION = 1.0;
				PRODUCT_BUNDLE_IDENTIFIER = com.sydneysabre.SabreurAssessmentUITests;
				PRODUCT_NAME = "$(TARGET_NAME)";
				SWIFT_EMIT_LOC_STRINGS = NO;
				SWIFT_VERSION = 5.0;
				TARGETED_DEVICE_FAMILY = "1,2";
				TEST_TARGET_NAME = SabreurAssessment;
			};
			name = Debug;
		};
		52D371D427226236005D75BB /* Release */ = {
			isa = XCBuildConfiguration;
			buildSettings = {
				ALWAYS_EMBED_SWIFT_STANDARD_LIBRARIES = YES;
				CODE_SIGN_STYLE = Automatic;
				CURRENT_PROJECT_VERSION = 1;
				DEVELOPMENT_TEAM = 8V2AVLRM9X;
				GENERATE_INFOPLIST_FILE = YES;
				LD_RUNPATH_SEARCH_PATHS = (
					"$(inherited)",
					"@executable_path/Frameworks",
					"@loader_path/Frameworks",
				);
				MARKETING_VERSION = 1.0;
				PRODUCT_BUNDLE_IDENTIFIER = com.sydneysabre.SabreurAssessmentUITests;
				PRODUCT_NAME = "$(TARGET_NAME)";
				SWIFT_EMIT_LOC_STRINGS = NO;
				SWIFT_VERSION = 5.0;
				TARGETED_DEVICE_FAMILY = "1,2";
				TEST_TARGET_NAME = SabreurAssessment;
			};
			name = Release;
		};
/* End XCBuildConfiguration section */

/* Begin XCConfigurationList section */
		52D3719D27226230005D75BB /* Build configuration list for PBXProject "SabreurAssessment" */ = {
			isa = XCConfigurationList;
			buildConfigurations = (
				52D371CA27226236005D75BB /* Debug */,
				52D371CB27226236005D75BB /* Release */,
			);
			defaultConfigurationIsVisible = 0;
			defaultConfigurationName = Release;
		};
		52D371CC27226236005D75BB /* Build configuration list for PBXNativeTarget "SabreurAssessment" */ = {
			isa = XCConfigurationList;
			buildConfigurations = (
				52D371CD27226236005D75BB /* Debug */,
				52D371CE27226236005D75BB /* Release */,
			);
			defaultConfigurationIsVisible = 0;
			defaultConfigurationName = Release;
		};
		52D371CF27226236005D75BB /* Build configuration list for PBXNativeTarget "SabreurAssessmentTests" */ = {
			isa = XCConfigurationList;
			buildConfigurations = (
				52D371D027226236005D75BB /* Debug */,
				52D371D127226236005D75BB /* Release */,
			);
			defaultConfigurationIsVisible = 0;
			defaultConfigurationName = Release;
		};
		52D371D227226236005D75BB /* Build configuration list for PBXNativeTarget "SabreurAssessmentUITests" */ = {
			isa = XCConfigurationList;
			buildConfigurations = (
				52D371D327226236005D75BB /* Debug */,
				52D371D427226236005D75BB /* Release */,
			);
			defaultConfigurationIsVisible = 0;
			defaultConfigurationName = Release;
		};
/* End XCConfigurationList section */
	};
	rootObject = 52D3719A27226230005D75BB /* Project object */;
}
